
Microsoft Visual Studio Solution File, Format Version 10.00
# Visual Studio 2008
Project("{FAE04EC0-301F-11D3-BF4B-00C04F79EFBC}") = "ShowVersion", "ShowVersion\ShowVersion.csproj", "{83DA999B-00F5-4BBE-8156-FAA1DE40C21C}"
EndProject
Global
	GlobalSection(SolutionConfigurationPlatforms) = preSolution
		Debug|Any CPU = Debug|Any CPU
		Release|Any CPU = Release|Any CPU
	EndGlobalSection
	GlobalSection(ProjectConfigurationPlatforms) = postSolution
		{83DA999B-00F5-4BBE-8156-FAA1DE40C21C}.Debug|Any CPU.ActiveCfg = Debug|Any CPU
		{83DA999B-00F5-4BBE-8156-FAA1DE40C21C}.Debug|Any CPU.Build.0 = Debug|Any CPU
		{83DA999B-00F5-4BBE-8156-FAA1DE40C21C}.Release|Any CPU.ActiveCfg = Release|Any CPU
		{83DA999B-00F5-4BBE-8156-FAA1DE40C21C}.Release|Any CPU.Build.0 = Release|Any CPU
	EndGlobalSection
	GlobalSection(SolutionProperties) = preSolution
		HideSolutionNode = FALSE
	EndGlobalSection
EndGlobal
